<?xml version="1.0" encoding="utf-8"?>
<Project ToolsVersion="4.0" xmlns="http://schemas.microsoft.com/developer/msbuild/2003">
  <ItemGroup>
    <Filter Include="Source Files"/>
  </ItemGroup>
  <ItemGroup>
    <ClInclude Include="BoolBeResult.h">
      <Filter>Source Files</Filter>
    </ClInclude>
    <ClInclude Include="FsdUnsignedIntegerKeyMap.h">
      <Filter>Source Files</Filter>
    </ClInclude>
    <ClInclude Include="StdAfx.h">
      <Filter>Source Files</Filter>
    </ClInclude>
    <ClCompile Include="FsdUnsignedIntegerKeyMap.cpp">
      <Filter>Source Files</Filter>
    </ClCompile>
    <ClCompile Include="FsdUnsignedIntegerKeyMap_Blue.cpp">
      <Filter>Source Files</Filter>
    </ClCompile>
    <ClCompile Include="pyFSD.cpp">
      <Filter>Source Files</Filter>
    </ClCompile>
    <ClCompile Include="StdAfx.cpp">
      <Filter>Source Files</Filter>
    </ClCompile>
  </ItemGroup>
</Project>
